
Microsoft Visual Studio Solution File, Format Version 12.00
# Visual Studio Version 17
VisualStudioVersion = 17.9.34701.34
MinimumVisualStudioVersion = 10.0.40219.1
Project("{9A19103F-16F7-4668-BE54-9A1E7A4F7556}") = "webcrp10.2", "webcrp10.2\webcrp10.2.csproj", "{1043E049-2689-4588-AC75-A3D0EDE47D53}"
EndProject
Global
	GlobalSection(SolutionConfigurationPlatforms) = preSolution
		Debug|Any CPU = Debug|Any CPU
		Release|Any CPU = Release|Any CPU
	EndGlobalSection
	GlobalSection(ProjectConfigurationPlatforms) = postSolution
		{1043E049-2689-4588-AC75-A3D0EDE47D53}.Debug|Any CPU.ActiveCfg = Debug|Any CPU
		{1043E049-2689-4588-AC75-A3D0EDE47D53}.Debug|Any CPU.Build.0 = Debug|Any CPU
		{1043E049-2689-4588-AC75-A3D0EDE47D53}.Release|Any CPU.ActiveCfg = Release|Any CPU
		{1043E049-2689-4588-AC75-A3D0EDE47D53}.Release|Any CPU.Build.0 = Release|Any CPU
	EndGlobalSection
	GlobalSection(SolutionProperties) = preSolution
		HideSolutionNode = FALSE
	EndGlobalSection
	GlobalSection(ExtensibilityGlobals) = postSolution
		SolutionGuid = {661749F7-1A38-4744-9369-606BC1CAF4DA}
	EndGlobalSection
EndGlobal
